// !$*UTF8*$!
{
	archiveVersion = 1;
	classes = {
	};
	objectVersion = 56;
	objects = {

/* Begin PBXBuildFile section */
		69FC27ACBC6F737C06FBFCD0 /* Pods_Daily_Capture.framework in Frameworks */ = {isa = PBXBuildFile; fileRef = 9747CD6059BB6E2FBEC9F6A0 /* Pods_Daily_Capture.framework */; };
		B45C26BD2A4DA163009333AB /* AppDelegate.swift in Sources */ = {isa = PBXBuildFile; fileRef = B45C26BC2A4DA163009333AB /* AppDelegate.swift */; };
		B45C26BF2A4DA163009333AB /* SceneDelegate.swift in Sources */ = {isa = PBXBuildFile; fileRef = B45C26BE2A4DA163009333AB /* SceneDelegate.swift */; };
		B45C26C12A4DA163009333AB /* MainViewController.swift in Sources */ = {isa = PBXBuildFile; fileRef = B45C26C02A4DA163009333AB /* MainViewController.swift */; };
		B45C26C62A4DA164009333AB /* Assets.xcassets in Resources */ = {isa = PBXBuildFile; fileRef = B45C26C52A4DA164009333AB /* Assets.xcassets */; };
		B45C26C92A4DA164009333AB /* LaunchScreen.storyboard in Resources */ = {isa = PBXBuildFile; fileRef = B45C26C72A4DA164009333AB /* LaunchScreen.storyboard */; };
		B4FC76112A4EB0C800C19FF0 /* Diary.swift in Sources */ = {isa = PBXBuildFile; fileRef = B4FC76102A4EB0C800C19FF0 /* Diary.swift */; };
/* End PBXBuildFile section */

/* Begin PBXFileReference section */
		36DB8119B44D278052C39CF2 /* Pods-Daily-Capture.debug.xcconfig */ = {isa = PBXFileReference; includeInIndex = 1; lastKnownFileType = text.xcconfig; name = "Pods-Daily-Capture.debug.xcconfig"; path = "Target Support Files/Pods-Daily-Capture/Pods-Daily-Capture.debug.xcconfig"; sourceTree = "<group>"; };
		5925226EC2DC87D94BF8E1DC /* Pods-Daily-Capture.release.xcconfig */ = {isa = PBXFileReference; includeInIndex = 1; lastKnownFileType = text.xcconfig; name = "Pods-Daily-Capture.release.xcconfig"; path = "Target Support Files/Pods-Daily-Capture/Pods-Daily-Capture.release.xcconfig"; sourceTree = "<group>"; };
		9747CD6059BB6E2FBEC9F6A0 /* Pods_Daily_Capture.framework */ = {isa = PBXFileReference; explicitFileType = wrapper.framework; includeInIndex = 0; path = Pods_Daily_Capture.framework; sourceTree = BUILT_PRODUCTS_DIR; };
		B45C26B92A4DA163009333AB /* Daily-Capture.app */ = {isa = PBXFileReference; explicitFileType = wrapper.application; includeInIndex = 0; path = "Daily-Capture.app"; sourceTree = BUILT_PRODUCTS_DIR; };
		B45C26BC2A4DA163009333AB /* AppDelegate.swift */ = {isa = PBXFileReference; lastKnownFileType = sourcecode.swift; path = AppDelegate.swift; sourceTree = "<group>"; };
		B45C26BE2A4DA163009333AB /* SceneDelegate.swift */ = {isa = PBXFileReference; lastKnownFileType = sourcecode.swift; path = SceneDelegate.swift; sourceTree = "<group>"; };
		B45C26C02A4DA163009333AB /* MainViewController.swift */ = {isa = PBXFileReference; lastKnownFileType = sourcecode.swift; path = MainViewController.swift; sourceTree = "<group>"; };
		B45C26C52A4DA164009333AB /* Assets.xcassets */ = {isa = PBXFileReference; lastKnownFileType = folder.assetcatalog; path = Assets.xcassets; sourceTree = "<group>"; };
		B45C26C82A4DA164009333AB /* Base */ = {isa = PBXFileReference; lastKnownFileType = file.storyboard; name = Base; path = Base.lproj/LaunchScreen.storyboard; sourceTree = "<group>"; };
		B45C26CA2A4DA164009333AB /* Info.plist */ = {isa = PBXFileReference; lastKnownFileType = text.plist.xml; path = Info.plist; sourceTree = "<group>"; };
		B4FC76102A4EB0C800C19FF0 /* Diary.swift */ = {isa = PBXFileReference; lastKnownFileType = sourcecode.swift; path = Diary.swift; sourceTree = "<group>"; };
		B4FC76172A4EBA7400C19FF0 /* ReusableView.swift */ = {isa = PBXFileReference; lastKnownFileType = sourcecode.swift; path = ReusableView.swift; sourceTree = "<group>"; };
/* End PBXFileReference section */

/* Begin PBXFrameworksBuildPhase section */
		B45C26B62A4DA163009333AB /* Frameworks */ = {
			isa = PBXFrameworksBuildPhase;
			buildActionMask = 2147483647;
			files = (
				69FC27ACBC6F737C06FBFCD0 /* Pods_Daily_Capture.framework in Frameworks */,
			);
			runOnlyForDeploymentPostprocessing = 0;
		};
/* End PBXFrameworksBuildPhase section */

/* Begin PBXGroup section */
		2F5EC3ACD8C6BECFAA4E77FF /* Frameworks */ = {
			isa = PBXGroup;
			children = (
				9747CD6059BB6E2FBEC9F6A0 /* Pods_Daily_Capture.framework */,
			);
			name = Frameworks;
			sourceTree = "<group>";
		};
		B45C26B02A4DA163009333AB = {
			isa = PBXGroup;
			children = (
				B45C26BB2A4DA163009333AB /* Daily-Capture */,
				B45C26BA2A4DA163009333AB /* Products */,
				E939F9E4351A97F7756D1390 /* Pods */,
				2F5EC3ACD8C6BECFAA4E77FF /* Frameworks */,
			);
			sourceTree = "<group>";
		};
		B45C26BA2A4DA163009333AB /* Products */ = {
			isa = PBXGroup;
			children = (
				B45C26B92A4DA163009333AB /* Daily-Capture.app */,
			);
			name = Products;
			sourceTree = "<group>";
		};
		B45C26BB2A4DA163009333AB /* Daily-Capture */ = {
			isa = PBXGroup;
			children = (
				B45C26D12A4DA1BD009333AB /* Source */,
				B45C26D02A4DA169009333AB /* Resource */,
			);
			path = "Daily-Capture";
			sourceTree = "<group>";
		};
		B45C26D02A4DA169009333AB /* Resource */ = {
			isa = PBXGroup;
			children = (
				B45C26CA2A4DA164009333AB /* Info.plist */,
				B45C26C52A4DA164009333AB /* Assets.xcassets */,
				B45C26C72A4DA164009333AB /* LaunchScreen.storyboard */,
			);
			path = Resource;
			sourceTree = "<group>";
		};
		B45C26D12A4DA1BD009333AB /* Source */ = {
			isa = PBXGroup;
			children = (
				B45C26D22A4DA1C8009333AB /* App */,
				B45C26D32A4DA1CF009333AB /* MainView */,
				B4FC760F2A4EB0B700C19FF0 /* Model */,
				B4FC76162A4EBA3F00C19FF0 /* Util */,
			);
			path = Source;
			sourceTree = "<group>";
		};
		B45C26D22A4DA1C8009333AB /* App */ = {
			isa = PBXGroup;
			children = (
				B45C26BC2A4DA163009333AB /* AppDelegate.swift */,
				B45C26BE2A4DA163009333AB /* SceneDelegate.swift */,
			);
			path = App;
			sourceTree = "<group>";
		};
		B45C26D32A4DA1CF009333AB /* MainView */ = {
			isa = PBXGroup;
			children = (
				B45C26C02A4DA163009333AB /* MainViewController.swift */,
			);
			path = MainView;
			sourceTree = "<group>";
		};
		B4FC760F2A4EB0B700C19FF0 /* Model */ = {
			isa = PBXGroup;
			children = (
				B4FC76102A4EB0C800C19FF0 /* Diary.swift */,
			);
			path = Model;
			sourceTree = "<group>";
		};
		B4FC76162A4EBA3F00C19FF0 /* Util */ = {
			isa = PBXGroup;
			children = (
				B4FC76172A4EBA7400C19FF0 /* ReusableView.swift */,
			);
			path = Util;
			sourceTree = "<group>";
		};
		E939F9E4351A97F7756D1390 /* Pods */ = {
			isa = PBXGroup;
			children = (
				36DB8119B44D278052C39CF2 /* Pods-Daily-Capture.debug.xcconfig */,
				5925226EC2DC87D94BF8E1DC /* Pods-Daily-Capture.release.xcconfig */,
			);
			path = Pods;
			sourceTree = "<group>";
		};
/* End PBXGroup section */

/* Begin PBXNativeTarget section */
		B45C26B82A4DA163009333AB /* Daily-Capture */ = {
			isa = PBXNativeTarget;
			buildConfigurationList = B45C26CD2A4DA164009333AB /* Build configuration list for PBXNativeTarget "Daily-Capture" */;
			buildPhases = (
				6BCA109918E0C4B1F4F8E2F7 /* [CP] Check Pods Manifest.lock */,
				B45C26B52A4DA163009333AB /* Sources */,
				B45C26B62A4DA163009333AB /* Frameworks */,
				B45C26B72A4DA163009333AB /* Resources */,
				2AFD3FE4854C8733C95F3DD4 /* [CP] Embed Pods Frameworks */,
			);
			buildRules = (
			);
			dependencies = (
			);
			name = "Daily-Capture";
			productName = "Daily-Capture";
			productReference = B45C26B92A4DA163009333AB /* Daily-Capture.app */;
			productType = "com.apple.product-type.application";
		};
/* End PBXNativeTarget section */

/* Begin PBXProject section */
		B45C26B12A4DA163009333AB /* Project object */ = {
			isa = PBXProject;
			attributes = {
				BuildIndependentTargetsInParallel = 1;
				LastSwiftUpdateCheck = 1430;
				LastUpgradeCheck = 1430;
				TargetAttributes = {
					B45C26B82A4DA163009333AB = {
						CreatedOnToolsVersion = 14.3.1;
					};
				};
			};
			buildConfigurationList = B45C26B42A4DA163009333AB /* Build configuration list for PBXProject "Daily-Capture" */;
			compatibilityVersion = "Xcode 14.0";
			developmentRegion = en;
			hasScannedForEncodings = 0;
			knownRegions = (
				en,
				Base,
			);
			mainGroup = B45C26B02A4DA163009333AB;
			productRefGroup = B45C26BA2A4DA163009333AB /* Products */;
			projectDirPath = "";
			projectRoot = "";
			targets = (
				B45C26B82A4DA163009333AB /* Daily-Capture */,
			);
		};
/* End PBXProject section */

/* Begin PBXResourcesBuildPhase section */
		B45C26B72A4DA163009333AB /* Resources */ = {
			isa = PBXResourcesBuildPhase;
			buildActionMask = 2147483647;
			files = (
				B45C26C92A4DA164009333AB /* LaunchScreen.storyboard in Resources */,
				B45C26C62A4DA164009333AB /* Assets.xcassets in Resources */,
			);
			runOnlyForDeploymentPostprocessing = 0;
		};
/* End PBXResourcesBuildPhase section */

/* Begin PBXShellScriptBuildPhase section */
		2AFD3FE4854C8733C95F3DD4 /* [CP] Embed Pods Frameworks */ = {
			isa = PBXShellScriptBuildPhase;
			buildActionMask = 2147483647;
			files = (
			);
			inputFileListPaths = (
				"${PODS_ROOT}/Target Support Files/Pods-Daily-Capture/Pods-Daily-Capture-frameworks-${CONFIGURATION}-input-files.xcfilelist",
			);
			name = "[CP] Embed Pods Frameworks";
			outputFileListPaths = (
				"${PODS_ROOT}/Target Support Files/Pods-Daily-Capture/Pods-Daily-Capture-frameworks-${CONFIGURATION}-output-files.xcfilelist",
			);
			runOnlyForDeploymentPostprocessing = 0;
			shellPath = /bin/sh;
			shellScript = "\"${PODS_ROOT}/Target Support Files/Pods-Daily-Capture/Pods-Daily-Capture-frameworks.sh\"\n";
			showEnvVarsInLog = 0;
		};
		6BCA109918E0C4B1F4F8E2F7 /* [CP] Check Pods Manifest.lock */ = {
			isa = PBXShellScriptBuildPhase;
			buildActionMask = 2147483647;
			files = (
			);
			inputFileListPaths = (
			);
			inputPaths = (
				"${PODS_PODFILE_DIR_PATH}/Podfile.lock",
				"${PODS_ROOT}/Manifest.lock",
			);
			name = "[CP] Check Pods Manifest.lock";
			outputFileListPaths = (
			);
			outputPaths = (
				"$(DERIVED_FILE_DIR)/Pods-Daily-Capture-checkManifestLockResult.txt",
			);
			runOnlyForDeploymentPostprocessing = 0;
			shellPath = /bin/sh;
			shellScript = "diff \"${PODS_PODFILE_DIR_PATH}/Podfile.lock\" \"${PODS_ROOT}/Manifest.lock\" > /dev/null\nif [ $? != 0 ] ; then\n    # print error to STDERR\n    echo \"error: The sandbox is not in sync with the Podfile.lock. Run 'pod install' or update your CocoaPods installation.\" >&2\n    exit 1\nfi\n# This output is used by Xcode 'outputs' to avoid re-running this script phase.\necho \"SUCCESS\" > \"${SCRIPT_OUTPUT_FILE_0}\"\n";
			showEnvVarsInLog = 0;
		};
/* End PBXShellScriptBuildPhase section */

/* Begin PBXSourcesBuildPhase section */
		B45C26B52A4DA163009333AB /* Sources */ = {
			isa = PBXSourcesBuildPhase;
			buildActionMask = 2147483647;
			files = (
				B45C26C12A4DA163009333AB /* MainViewController.swift in Sources */,
				B45C26BD2A4DA163009333AB /* AppDelegate.swift in Sources */,
				B45C26BF2A4DA163009333AB /* SceneDelegate.swift in Sources */,
				B4FC76112A4EB0C800C19FF0 /* Diary.swift in Sources */,
				B4FC76182A4EBA7400C19FF0 /* ReusableView.swift in Sources */,
			);
			runOnlyForDeploymentPostprocessing = 0;
		};
/* End PBXSourcesBuildPhase section */

/* Begin PBXVariantGroup section */
		B45C26C72A4DA164009333AB /* LaunchScreen.storyboard */ = {
			isa = PBXVariantGroup;
			children = (
				B45C26C82A4DA164009333AB /* Base */,
			);
			name = LaunchScreen.storyboard;
			sourceTree = "<group>";
		};
/* End PBXVariantGroup section */

/* Begin XCBuildConfiguration section */
		B45C26CB2A4DA164009333AB /* Debug */ = {
			isa = XCBuildConfiguration;
			buildSettings = {
				ALWAYS_SEARCH_USER_PATHS = NO;
				CLANG_ANALYZER_NONNULL = YES;
				CLANG_ANALYZER_NUMBER_OBJECT_CONVERSION = YES_AGGRESSIVE;
				CLANG_CXX_LANGUAGE_STANDARD = "gnu++20";
				CLANG_ENABLE_MODULES = YES;
				CLANG_ENABLE_OBJC_ARC = YES;
				CLANG_ENABLE_OBJC_WEAK = YES;
				CLANG_WARN_BLOCK_CAPTURE_AUTORELEASING = YES;
				CLANG_WARN_BOOL_CONVERSION = YES;
				CLANG_WARN_COMMA = YES;
				CLANG_WARN_CONSTANT_CONVERSION = YES;
				CLANG_WARN_DEPRECATED_OBJC_IMPLEMENTATIONS = YES;
				CLANG_WARN_DIRECT_OBJC_ISA_USAGE = YES_ERROR;
				CLANG_WARN_DOCUMENTATION_COMMENTS = YES;
				CLANG_WARN_EMPTY_BODY = YES;
				CLANG_WARN_ENUM_CONVERSION = YES;
				CLANG_WARN_INFINITE_RECURSION = YES;
				CLANG_WARN_INT_CONVERSION = YES;
				CLANG_WARN_NON_LITERAL_NULL_CONVERSION = YES;
				CLANG_WARN_OBJC_IMPLICIT_RETAIN_SELF = YES;
				CLANG_WARN_OBJC_LITERAL_CONVERSION = YES;
				CLANG_WARN_OBJC_ROOT_CLASS = YES_ERROR;
				CLANG_WARN_QUOTED_INCLUDE_IN_FRAMEWORK_HEADER = YES;
				CLANG_WARN_RANGE_LOOP_ANALYSIS = YES;
				CLANG_WARN_STRICT_PROTOTYPES = YES;
				CLANG_WARN_SUSPICIOUS_MOVE = YES;
				CLANG_WARN_UNGUARDED_AVAILABILITY = YES_AGGRESSIVE;
				CLANG_WARN_UNREACHABLE_CODE = YES;
				CLANG_WARN__DUPLICATE_METHOD_MATCH = YES;
				COPY_PHASE_STRIP = NO;
				DEBUG_INFORMATION_FORMAT = dwarf;
				ENABLE_STRICT_OBJC_MSGSEND = YES;
				ENABLE_TESTABILITY = YES;
				GCC_C_LANGUAGE_STANDARD = gnu11;
				GCC_DYNAMIC_NO_PIC = NO;
				GCC_NO_COMMON_BLOCKS = YES;
				GCC_OPTIMIZATION_LEVEL = 0;
				GCC_PREPROCESSOR_DEFINITIONS = (
					"DEBUG=1",
					"$(inherited)",
				);
				GCC_WARN_64_TO_32_BIT_CONVERSION = YES;
				GCC_WARN_ABOUT_RETURN_TYPE = YES_ERROR;
				GCC_WARN_UNDECLARED_SELECTOR = YES;
				GCC_WARN_UNINITIALIZED_AUTOS = YES_AGGRESSIVE;
				GCC_WARN_UNUSED_FUNCTION = YES;
				GCC_WARN_UNUSED_VARIABLE = YES;
				IPHONEOS_DEPLOYMENT_TARGET = 16.4;
				MTL_ENABLE_DEBUG_INFO = INCLUDE_SOURCE;
				MTL_FAST_MATH = YES;
				ONLY_ACTIVE_ARCH = YES;
				SDKROOT = iphoneos;
				SWIFT_ACTIVE_COMPILATION_CONDITIONS = DEBUG;
				SWIFT_OPTIMIZATION_LEVEL = "-Onone";
			};
			name = Debug;
		};
		B45C26CC2A4DA164009333AB /* Release */ = {
			isa = XCBuildConfiguration;
			buildSettings = {
				ALWAYS_SEARCH_USER_PATHS = NO;
				CLANG_ANALYZER_NONNULL = YES;
				CLANG_ANALYZER_NUMBER_OBJECT_CONVERSION = YES_AGGRESSIVE;
				CLANG_CXX_LANGUAGE_STANDARD = "gnu++20";
				CLANG_ENABLE_MODULES = YES;
				CLANG_ENABLE_OBJC_ARC = YES;
				CLANG_ENABLE_OBJC_WEAK = YES;
				CLANG_WARN_BLOCK_CAPTURE_AUTORELEASING = YES;
				CLANG_WARN_BOOL_CONVERSION = YES;
				CLANG_WARN_COMMA = YES;
				CLANG_WARN_CONSTANT_CONVERSION = YES;
				CLANG_WARN_DEPRECATED_OBJC_IMPLEMENTATIONS = YES;
				CLANG_WARN_DIRECT_OBJC_ISA_USAGE = YES_ERROR;
				CLANG_WARN_DOCUMENTATION_COMMENTS = YES;
				CLANG_WARN_EMPTY_BODY = YES;
				CLANG_WARN_ENUM_CONVERSION = YES;
				CLANG_WARN_INFINITE_RECURSION = YES;
				CLANG_WARN_INT_CONVERSION = YES;
				CLANG_WARN_NON_LITERAL_NULL_CONVERSION = YES;
				CLANG_WARN_OBJC_IMPLICIT_RETAIN_SELF = YES;
				CLANG_WARN_OBJC_LITERAL_CONVERSION = YES;
				CLANG_WARN_OBJC_ROOT_CLASS = YES_ERROR;
				CLANG_WARN_QUOTED_INCLUDE_IN_FRAMEWORK_HEADER = YES;
				CLANG_WARN_RANGE_LOOP_ANALYSIS = YES;
				CLANG_WARN_STRICT_PROTOTYPES = YES;
				CLANG_WARN_SUSPICIOUS_MOVE = YES;
				CLANG_WARN_UNGUARDED_AVAILABILITY = YES_AGGRESSIVE;
				CLANG_WARN_UNREACHABLE_CODE = YES;
				CLANG_WARN__DUPLICATE_METHOD_MATCH = YES;
				COPY_PHASE_STRIP = NO;
				DEBUG_INFORMATION_FORMAT = "dwarf-with-dsym";
				ENABLE_NS_ASSERTIONS = NO;
				ENABLE_STRICT_OBJC_MSGSEND = YES;
				GCC_C_LANGUAGE_STANDARD = gnu11;
				GCC_NO_COMMON_BLOCKS = YES;
				GCC_WARN_64_TO_32_BIT_CONVERSION = YES;
				GCC_WARN_ABOUT_RETURN_TYPE = YES_ERROR;
				GCC_WARN_UNDECLARED_SELECTOR = YES;
				GCC_WARN_UNINITIALIZED_AUTOS = YES_AGGRESSIVE;
				GCC_WARN_UNUSED_FUNCTION = YES;
				GCC_WARN_UNUSED_VARIABLE = YES;
				IPHONEOS_DEPLOYMENT_TARGET = 16.4;
				MTL_ENABLE_DEBUG_INFO = NO;
				MTL_FAST_MATH = YES;
				SDKROOT = iphoneos;
				SWIFT_COMPILATION_MODE = wholemodule;
				SWIFT_OPTIMIZATION_LEVEL = "-O";
				VALIDATE_PRODUCT = YES;
			};
			name = Release;
		};
		B45C26CE2A4DA164009333AB /* Debug */ = {
			isa = XCBuildConfiguration;
			baseConfigurationReference = 36DB8119B44D278052C39CF2 /* Pods-Daily-Capture.debug.xcconfig */;
			buildSettings = {
				ASSETCATALOG_COMPILER_APPICON_NAME = AppIcon;
				ASSETCATALOG_COMPILER_GLOBAL_ACCENT_COLOR_NAME = AccentColor;
				CODE_SIGN_STYLE = Automatic;
				CURRENT_PROJECT_VERSION = 1;
				DEVELOPMENT_TEAM = 7T7HF9QMND;
				GENERATE_INFOPLIST_FILE = YES;
				INFOPLIST_FILE = "Daily-Capture/Resource/Info.plist";
				INFOPLIST_KEY_UIApplicationSupportsIndirectInputEvents = YES;
				INFOPLIST_KEY_UILaunchStoryboardName = LaunchScreen;
				INFOPLIST_KEY_UISupportedInterfaceOrientations_iPad = "UIInterfaceOrientationPortrait UIInterfaceOrientationPortraitUpsideDown UIInterfaceOrientationLandscapeLeft UIInterfaceOrientationLandscapeRight";
				INFOPLIST_KEY_UISupportedInterfaceOrientations_iPhone = "UIInterfaceOrientationPortrait UIInterfaceOrientationLandscapeLeft UIInterfaceOrientationLandscapeRight";
				IPHONEOS_DEPLOYMENT_TARGET = 16.0;
				LD_RUNPATH_SEARCH_PATHS = (
					"$(inherited)",
					"@executable_path/Frameworks",
				);
				MARKETING_VERSION = 1.0;
				PRODUCT_BUNDLE_IDENTIFIER = "main.Daily-Capture";
				PRODUCT_NAME = "$(TARGET_NAME)";
				SWIFT_EMIT_LOC_STRINGS = YES;
				SWIFT_VERSION = 5.0;
				TARGETED_DEVICE_FAMILY = "1,2";
			};
			name = Debug;
		};
		B45C26CF2A4DA164009333AB /* Release */ = {
			isa = XCBuildConfiguration;
			baseConfigurationReference = 5925226EC2DC87D94BF8E1DC /* Pods-Daily-Capture.release.xcconfig */;
			buildSettings = {
				ASSETCATALOG_COMPILER_APPICON_NAME = AppIcon;
				ASSETCATALOG_COMPILER_GLOBAL_ACCENT_COLOR_NAME = AccentColor;
				CODE_SIGN_STYLE = Automatic;
				CURRENT_PROJECT_VERSION = 1;
				DEVELOPMENT_TEAM = 7T7HF9QMND;
				GENERATE_INFOPLIST_FILE = YES;
				INFOPLIST_FILE = "Daily-Capture/Resource/Info.plist";
				INFOPLIST_KEY_UIApplicationSupportsIndirectInputEvents = YES;
				INFOPLIST_KEY_UILaunchStoryboardName = LaunchScreen;
				INFOPLIST_KEY_UISupportedInterfaceOrientations_iPad = "UIInterfaceOrientationPortrait UIInterfaceOrientationPortraitUpsideDown UIInterfaceOrientationLandscapeLeft UIInterfaceOrientationLandscapeRight";
				INFOPLIST_KEY_UISupportedInterfaceOrientations_iPhone = "UIInterfaceOrientationPortrait UIInterfaceOrientationLandscapeLeft UIInterfaceOrientationLandscapeRight";
				IPHONEOS_DEPLOYMENT_TARGET = 16.0;
				LD_RUNPATH_SEARCH_PATHS = (
					"$(inherited)",
					"@executable_path/Frameworks",
				);
				MARKETING_VERSION = 1.0;
				PRODUCT_BUNDLE_IDENTIFIER = "main.Daily-Capture";
				PRODUCT_NAME = "$(TARGET_NAME)";
				SWIFT_EMIT_LOC_STRINGS = YES;
				SWIFT_VERSION = 5.0;
				TARGETED_DEVICE_FAMILY = "1,2";
			};
			name = Release;
		};
/* End XCBuildConfiguration section */

/* Begin XCConfigurationList section */
		B45C26B42A4DA163009333AB /* Build configuration list for PBXProject "Daily-Capture" */ = {
			isa = XCConfigurationList;
			buildConfigurations = (
				B45C26CB2A4DA164009333AB /* Debug */,
				B45C26CC2A4DA164009333AB /* Release */,
			);
			defaultConfigurationIsVisible = 0;
			defaultConfigurationName = Release;
		};
		B45C26CD2A4DA164009333AB /* Build configuration list for PBXNativeTarget "Daily-Capture" */ = {
			isa = XCConfigurationList;
			buildConfigurations = (
				B45C26CE2A4DA164009333AB /* Debug */,
				B45C26CF2A4DA164009333AB /* Release */,
			);
			defaultConfigurationIsVisible = 0;
			defaultConfigurationName = Release;
		};
/* End XCConfigurationList section */
	};
	rootObject = B45C26B12A4DA163009333AB /* Project object */;
}
